
Microsoft Visual Studio Solution File, Format Version 12.00
# Visual Studio 15
VisualStudioVersion = 15.0.26430.14
MinimumVisualStudioVersion = 10.0.40219.1
Project("{FAE04EC0-301F-11D3-BF4B-00C04F79EFBC}") = "UnAventon", "UnAventon\UnAventon.csproj", "{FCC679BA-F576-40B1-8CBD-20A4F00E8EDF}"
EndProject
Global
	GlobalSection(SolutionConfigurationPlatforms) = preSolution
		Debug|Any CPU = Debug|Any CPU
		Release|Any CPU = Release|Any CPU
	EndGlobalSection
	GlobalSection(ProjectConfigurationPlatforms) = postSolution
		{FCC679BA-F576-40B1-8CBD-20A4F00E8EDF}.Debug|Any CPU.ActiveCfg = Debug|Any CPU
		{FCC679BA-F576-40B1-8CBD-20A4F00E8EDF}.Debug|Any CPU.Build.0 = Debug|Any CPU
		{FCC679BA-F576-40B1-8CBD-20A4F00E8EDF}.Release|Any CPU.ActiveCfg = Release|Any CPU
		{FCC679BA-F576-40B1-8CBD-20A4F00E8EDF}.Release|Any CPU.Build.0 = Release|Any CPU
	EndGlobalSection
	GlobalSection(SolutionProperties) = preSolution
		HideSolutionNode = FALSE
	EndGlobalSection
EndGlobal
